
Microsoft Visual Studio Solution File, Format Version 10.00
# Visual Studio 2008
Project("{8BC9CEB8-8B4A-11D0-8D11-00A0C91BC942}") = "astra", "astra_vc09.vcproj", "{12926444-6723-46A8-B388-12E65E0577FA}"
EndProject
Project("{2150E333-8FDC-42A3-9474-1A3956D46DE8}") = "astra_mex", "astra_mex", "{33EF0AC5-B475-40BF-BAE5-67075B204D10}"
	ProjectSection(ProjectDependencies) = postProject
		{12926444-6723-46A8-B388-12E65E0577FA} = {12926444-6723-46A8-B388-12E65E0577FA}
	EndProjectSection
EndProject
Project("{8BC9CEB8-8B4A-11D0-8D11-00A0C91BC942}") = "astra_mex", "matlab\mex\astra_mex_vc09.vcproj", "{3FDA35E0-0D54-4663-A3E6-5ABA96F32221}"
	ProjectSection(ProjectDependencies) = postProject
		{12926444-6723-46A8-B388-12E65E0577FA} = {12926444-6723-46A8-B388-12E65E0577FA}
	EndProjectSection
EndProject
Project("{8BC9CEB8-8B4A-11D0-8D11-00A0C91BC942}") = "astra_mex_algorithm", "matlab\mex\astra_mex_algorithm_vc09.vcproj", "{056BF7A9-294D-487C-8CC3-BE629077CA94}"
	ProjectSection(ProjectDependencies) = postProject
		{12926444-6723-46A8-B388-12E65E0577FA} = {12926444-6723-46A8-B388-12E65E0577FA}
	EndProjectSection
EndProject
Project("{8BC9CEB8-8B4A-11D0-8D11-00A0C91BC942}") = "astra_mex_data2d", "matlab\mex\astra_mex_data2d_vc09.vcproj", "{E4092269-B19C-46F7-A84E-4F146CC70E44}"
	ProjectSection(ProjectDependencies) = postProject
		{12926444-6723-46A8-B388-12E65E0577FA} = {12926444-6723-46A8-B388-12E65E0577FA}
	EndProjectSection
EndProject
Project("{8BC9CEB8-8B4A-11D0-8D11-00A0C91BC942}") = "astra_mex_data3d", "matlab\mex\astra_mex_data3d_vc09.vcproj", "{0BEC029B-0929-4BF9-BD8B-9C9806A52065}"
	ProjectSection(ProjectDependencies) = postProject
		{12926444-6723-46A8-B388-12E65E0577FA} = {12926444-6723-46A8-B388-12E65E0577FA}
	EndProjectSection
EndProject
Project("{8BC9CEB8-8B4A-11D0-8D11-00A0C91BC942}") = "astra_mex_matrix", "matlab\mex\astra_mex_matrix_vc09.vcproj", "{9D041710-2119-4230-BCF2-5FBE753FDE49}"
	ProjectSection(ProjectDependencies) = postProject
		{12926444-6723-46A8-B388-12E65E0577FA} = {12926444-6723-46A8-B388-12E65E0577FA}
	EndProjectSection
EndProject
Project("{8BC9CEB8-8B4A-11D0-8D11-00A0C91BC942}") = "astra_mex_projector", "matlab\mex\astra_mex_projector_vc09.vcproj", "{4DD6056F-8EEE-4C9A-B2A9-923F01A32E97}"
	ProjectSection(ProjectDependencies) = postProject
		{12926444-6723-46A8-B388-12E65E0577FA} = {12926444-6723-46A8-B388-12E65E0577FA}
	EndProjectSection
EndProject
Project("{8BC9CEB8-8B4A-11D0-8D11-00A0C91BC942}") = "astra_mex_projector3d", "matlab\mex\astra_mex_projector3d_vc09.vcproj", "{F94CCD79-AA11-42DF-AC8A-6C9D2238A883}"
	ProjectSection(ProjectDependencies) = postProject
		{12926444-6723-46A8-B388-12E65E0577FA} = {12926444-6723-46A8-B388-12E65E0577FA}
	EndProjectSection
EndProject
Project("{8BC9CEB8-8B4A-11D0-8D11-00A0C91BC942}") = "astra_mex_log", "matlab\mex\astra_mex_log_vc09.vcproj", "{CA2840B3-DA68-41B5-AC57-F5DFD20ED8F8}"
	ProjectSection(ProjectDependencies) = postProject
		{12926444-6723-46A8-B388-12E65E0577FA} = {12926444-6723-46A8-B388-12E65E0577FA}
	EndProjectSection
EndProject
Project("{8BC9CEB8-8B4A-11D0-8D11-00A0C91BC942}") = "astra_mex_direct", "matlab\mex\astra_mex_direct_vc09.vcproj", "{85FE09A6-FA49-4314-A2B1-59D77C7442A8}"
	ProjectSection(ProjectDependencies) = postProject
		{12926444-6723-46A8-B388-12E65E0577FA} = {12926444-6723-46A8-B388-12E65E0577FA}
	EndProjectSection
EndProject
Global
	GlobalSection(SolutionConfigurationPlatforms) = preSolution
		Debug_CUDA|Win32 = Debug_CUDA|Win32
		Debug_CUDA|x64 = Debug_CUDA|x64
		Debug|Win32 = Debug|Win32
		Debug|x64 = Debug|x64
		Release_CUDA|Win32 = Release_CUDA|Win32
		Release_CUDA|x64 = Release_CUDA|x64
		Release|Win32 = Release|Win32
		Release|x64 = Release|x64
	EndGlobalSection
	GlobalSection(ProjectConfigurationPlatforms) = postSolution
		{12926444-6723-46A8-B388-12E65E0577FA}.Debug_CUDA|Win32.ActiveCfg = Debug_CUDA|Win32
		{12926444-6723-46A8-B388-12E65E0577FA}.Debug_CUDA|Win32.Build.0 = Debug_CUDA|Win32
		{12926444-6723-46A8-B388-12E65E0577FA}.Debug_CUDA|x64.ActiveCfg = Debug_CUDA|x64
		{12926444-6723-46A8-B388-12E65E0577FA}.Debug_CUDA|x64.Build.0 = Debug_CUDA|x64
		{12926444-6723-46A8-B388-12E65E0577FA}.Debug|Win32.ActiveCfg = Debug|Win32
		{12926444-6723-46A8-B388-12E65E0577FA}.Debug|Win32.Build.0 = Debug|Win32
		{12926444-6723-46A8-B388-12E65E0577FA}.Debug|x64.ActiveCfg = Debug|x64
		{12926444-6723-46A8-B388-12E65E0577FA}.Debug|x64.Build.0 = Debug|x64
		{12926444-6723-46A8-B388-12E65E0577FA}.Release_CUDA|Win32.ActiveCfg = Release_CUDA|Win32
		{12926444-6723-46A8-B388-12E65E0577FA}.Release_CUDA|Win32.Build.0 = Release_CUDA|Win32
		{12926444-6723-46A8-B388-12E65E0577FA}.Release_CUDA|x64.ActiveCfg = Release_CUDA|x64
		{12926444-6723-46A8-B388-12E65E0577FA}.Release_CUDA|x64.Build.0 = Release_CUDA|x64
		{12926444-6723-46A8-B388-12E65E0577FA}.Release|Win32.ActiveCfg = Release|Win32
		{12926444-6723-46A8-B388-12E65E0577FA}.Release|Win32.Build.0 = Release|Win32
		{12926444-6723-46A8-B388-12E65E0577FA}.Release|x64.ActiveCfg = Release|x64
		{12926444-6723-46A8-B388-12E65E0577FA}.Release|x64.Build.0 = Release|x64
		{3FDA35E0-0D54-4663-A3E6-5ABA96F32221}.Debug_CUDA|Win32.ActiveCfg = Debug_CUDA|Win32
		{3FDA35E0-0D54-4663-A3E6-5ABA96F32221}.Debug_CUDA|Win32.Build.0 = Debug_CUDA|Win32
		{3FDA35E0-0D54-4663-A3E6-5ABA96F32221}.Debug_CUDA|x64.ActiveCfg = Debug_CUDA|x64
		{3FDA35E0-0D54-4663-A3E6-5ABA96F32221}.Debug_CUDA|x64.Build.0 = Debug_CUDA|x64
		{3FDA35E0-0D54-4663-A3E6-5ABA96F32221}.Debug|Win32.ActiveCfg = Debug|Win32
		{3FDA35E0-0D54-4663-A3E6-5ABA96F32221}.Debug|Win32.Build.0 = Debug|Win32
		{3FDA35E0-0D54-4663-A3E6-5ABA96F32221}.Debug|x64.ActiveCfg = Debug|x64
		{3FDA35E0-0D54-4663-A3E6-5ABA96F32221}.Debug|x64.Build.0 = Debug|x64
		{3FDA35E0-0D54-4663-A3E6-5ABA96F32221}.Release_CUDA|Win32.ActiveCfg = Release_CUDA|Win32
		{3FDA35E0-0D54-4663-A3E6-5ABA96F32221}.Release_CUDA|Win32.Build.0 = Release_CUDA|Win32
		{3FDA35E0-0D54-4663-A3E6-5ABA96F32221}.Release_CUDA|x64.ActiveCfg = Release_CUDA|x64
		{3FDA35E0-0D54-4663-A3E6-5ABA96F32221}.Release_CUDA|x64.Build.0 = Release_CUDA|x64
		{3FDA35E0-0D54-4663-A3E6-5ABA96F32221}.Release|Win32.ActiveCfg = Release|Win32
		{3FDA35E0-0D54-4663-A3E6-5ABA96F32221}.Release|Win32.Build.0 = Release|Win32
		{3FDA35E0-0D54-4663-A3E6-5ABA96F32221}.Release|x64.ActiveCfg = Release|x64
		{3FDA35E0-0D54-4663-A3E6-5ABA96F32221}.Release|x64.Build.0 = Release|x64
		{056BF7A9-294D-487C-8CC3-BE629077CA94}.Debug_CUDA|Win32.ActiveCfg = Debug_CUDA|Win32
		{056BF7A9-294D-487C-8CC3-BE629077CA94}.Debug_CUDA|Win32.Build.0 = Debug_CUDA|Win32
		{056BF7A9-294D-487C-8CC3-BE629077CA94}.Debug_CUDA|x64.ActiveCfg = Debug_CUDA|x64
		{056BF7A9-294D-487C-8CC3-BE629077CA94}.Debug_CUDA|x64.Build.0 = Debug_CUDA|x64
		{056BF7A9-294D-487C-8CC3-BE629077CA94}.Debug|Win32.ActiveCfg = Debug|Win32
		{056BF7A9-294D-487C-8CC3-BE629077CA94}.Debug|Win32.Build.0 = Debug|Win32
		{056BF7A9-294D-487C-8CC3-BE629077CA94}.Debug|x64.ActiveCfg = Debug|x64
		{056BF7A9-294D-487C-8CC3-BE629077CA94}.Debug|x64.Build.0 = Debug|x64
		{056BF7A9-294D-487C-8CC3-BE629077CA94}.Release_CUDA|Win32.ActiveCfg = Release_CUDA|Win32
		{056BF7A9-294D-487C-8CC3-BE629077CA94}.Release_CUDA|Win32.Build.0 = Release_CUDA|Win32
		{056BF7A9-294D-487C-8CC3-BE629077CA94}.Release_CUDA|x64.ActiveCfg = Release_CUDA|x64
		{056BF7A9-294D-487C-8CC3-BE629077CA94}.Release_CUDA|x64.Build.0 = Release_CUDA|x64
		{056BF7A9-294D-487C-8CC3-BE629077CA94}.Release|Win32.ActiveCfg = Release|Win32
		{056BF7A9-294D-487C-8CC3-BE629077CA94}.Release|Win32.Build.0 = Release|Win32
		{056BF7A9-294D-487C-8CC3-BE629077CA94}.Release|x64.ActiveCfg = Release|x64
		{056BF7A9-294D-487C-8CC3-BE629077CA94}.Release|x64.Build.0 = Release|x64
		{E4092269-B19C-46F7-A84E-4F146CC70E44}.Debug_CUDA|Win32.ActiveCfg = Debug_CUDA|Win32
		{E4092269-B19C-46F7-A84E-4F146CC70E44}.Debug_CUDA|Win32.Build.0 = Debug_CUDA|Win32
		{E4092269-B19C-46F7-A84E-4F146CC70E44}.Debug_CUDA|x64.ActiveCfg = Debug_CUDA|x64
		{E4092269-B19C-46F7-A84E-4F146CC70E44}.Debug_CUDA|x64.Build.0 = Debug_CUDA|x64
		{E4092269-B19C-46F7-A84E-4F146CC70E44}.Debug|Win32.ActiveCfg = Debug|Win32
		{E4092269-B19C-46F7-A84E-4F146CC70E44}.Debug|Win32.Build.0 = Debug|Win32
		{E4092269-B19C-46F7-A84E-4F146CC70E44}.Debug|x64.ActiveCfg = Debug|x64
		{E4092269-B19C-46F7-A84E-4F146CC70E44}.Debug|x64.Build.0 = Debug|x64
		{E4092269-B19C-46F7-A84E-4F146CC70E44}.Release_CUDA|Win32.ActiveCfg = Release_CUDA|Win32
		{E4092269-B19C-46F7-A84E-4F146CC70E44}.Release_CUDA|Win32.Build.0 = Release_CUDA|Win32
		{E4092269-B19C-46F7-A84E-4F146CC70E44}.Release_CUDA|x64.ActiveCfg = Release_CUDA|x64
		{E4092269-B19C-46F7-A84E-4F146CC70E44}.Release_CUDA|x64.Build.0 = Release_CUDA|x64
		{E4092269-B19C-46F7-A84E-4F146CC70E44}.Release|Win32.ActiveCfg = Release|Win32
		{E4092269-B19C-46F7-A84E-4F146CC70E44}.Release|Win32.Build.0 = Release|Win32
		{E4092269-B19C-46F7-A84E-4F146CC70E44}.Release|x64.ActiveCfg = Release|x64
		{E4092269-B19C-46F7-A84E-4F146CC70E44}.Release|x64.Build.0 = Release|x64
		{0BEC029B-0929-4BF9-BD8B-9C9806A52065}.Debug_CUDA|Win32.ActiveCfg = Debug_CUDA|Win32
		{0BEC029B-0929-4BF9-BD8B-9C9806A52065}.Debug_CUDA|Win32.Build.0 = Debug_CUDA|Win32
		{0BEC029B-0929-4BF9-BD8B-9C9806A52065}.Debug_CUDA|x64.ActiveCfg = Debug_CUDA|x64
		{0BEC029B-0929-4BF9-BD8B-9C9806A52065}.Debug_CUDA|x64.Build.0 = Debug_CUDA|x64
		{0BEC029B-0929-4BF9-BD8B-9C9806A52065}.Debug|Win32.ActiveCfg = Debug|Win32
		{0BEC029B-0929-4BF9-BD8B-9C9806A52065}.Debug|Win32.Build.0 = Debug|Win32
		{0BEC029B-0929-4BF9-BD8B-9C9806A52065}.Debug|x64.ActiveCfg = Debug|x64
		{0BEC029B-0929-4BF9-BD8B-9C9806A52065}.Debug|x64.Build.0 = Debug|x64
		{0BEC029B-0929-4BF9-BD8B-9C9806A52065}.Release_CUDA|Win32.ActiveCfg = Release_CUDA|Win32
		{0BEC029B-0929-4BF9-BD8B-9C9806A52065}.Release_CUDA|Win32.Build.0 = Release_CUDA|Win32
		{0BEC029B-0929-4BF9-BD8B-9C9806A52065}.Release_CUDA|x64.ActiveCfg = Release_CUDA|x64
		{0BEC029B-0929-4BF9-BD8B-9C9806A52065}.Release_CUDA|x64.Build.0 = Release_CUDA|x64
		{0BEC029B-0929-4BF9-BD8B-9C9806A52065}.Release|Win32.ActiveCfg = Release|Win32
		{0BEC029B-0929-4BF9-BD8B-9C9806A52065}.Release|Win32.Build.0 = Release|Win32
		{0BEC029B-0929-4BF9-BD8B-9C9806A52065}.Release|x64.ActiveCfg = Release|x64
		{0BEC029B-0929-4BF9-BD8B-9C9806A52065}.Release|x64.Build.0 = Release|x64
		{9D041710-2119-4230-BCF2-5FBE753FDE49}.Debug_CUDA|Win32.ActiveCfg = Debug_CUDA|Win32
		{9D041710-2119-4230-BCF2-5FBE753FDE49}.Debug_CUDA|Win32.Build.0 = Debug_CUDA|Win32
		{9D041710-2119-4230-BCF2-5FBE753FDE49}.Debug_CUDA|x64.ActiveCfg = Debug_CUDA|x64
		{9D041710-2119-4230-BCF2-5FBE753FDE49}.Debug_CUDA|x64.Build.0 = Debug_CUDA|x64
		{9D041710-2119-4230-BCF2-5FBE753FDE49}.Debug|Win32.ActiveCfg = Debug|Win32
		{9D041710-2119-4230-BCF2-5FBE753FDE49}.Debug|Win32.Build.0 = Debug|Win32
		{9D041710-2119-4230-BCF2-5FBE753FDE49}.Debug|x64.ActiveCfg = Debug|x64
		{9D041710-2119-4230-BCF2-5FBE753FDE49}.Debug|x64.Build.0 = Debug|x64
		{9D041710-2119-4230-BCF2-5FBE753FDE49}.Release_CUDA|Win32.ActiveCfg = Release_CUDA|Win32
		{9D041710-2119-4230-BCF2-5FBE753FDE49}.Release_CUDA|Win32.Build.0 = Release_CUDA|Win32
		{9D041710-2119-4230-BCF2-5FBE753FDE49}.Release_CUDA|x64.ActiveCfg = Release_CUDA|x64
		{9D041710-2119-4230-BCF2-5FBE753FDE49}.Release_CUDA|x64.Build.0 = Release_CUDA|x64
		{9D041710-2119-4230-BCF2-5FBE753FDE49}.Release|Win32.ActiveCfg = Release|Win32
		{9D041710-2119-4230-BCF2-5FBE753FDE49}.Release|Win32.Build.0 = Release|Win32
		{9D041710-2119-4230-BCF2-5FBE753FDE49}.Release|x64.ActiveCfg = Release|x64
		{9D041710-2119-4230-BCF2-5FBE753FDE49}.Release|x64.Build.0 = Release|x64
		{4DD6056F-8EEE-4C9A-B2A9-923F01A32E97}.Debug_CUDA|Win32.ActiveCfg = Debug_CUDA|Win32
		{4DD6056F-8EEE-4C9A-B2A9-923F01A32E97}.Debug_CUDA|Win32.Build.0 = Debug_CUDA|Win32
		{4DD6056F-8EEE-4C9A-B2A9-923F01A32E97}.Debug_CUDA|x64.ActiveCfg = Debug_CUDA|x64
		{4DD6056F-8EEE-4C9A-B2A9-923F01A32E97}.Debug_CUDA|x64.Build.0 = Debug_CUDA|x64
		{4DD6056F-8EEE-4C9A-B2A9-923F01A32E97}.Debug|Win32.ActiveCfg = Debug|Win32
		{4DD6056F-8EEE-4C9A-B2A9-923F01A32E97}.Debug|Win32.Build.0 = Debug|Win32
		{4DD6056F-8EEE-4C9A-B2A9-923F01A32E97}.Debug|x64.ActiveCfg = Debug|x64
		{4DD6056F-8EEE-4C9A-B2A9-923F01A32E97}.Debug|x64.Build.0 = Debug|x64
		{4DD6056F-8EEE-4C9A-B2A9-923F01A32E97}.Release_CUDA|Win32.ActiveCfg = Release_CUDA|Win32
		{4DD6056F-8EEE-4C9A-B2A9-923F01A32E97}.Release_CUDA|Win32.Build.0 = Release_CUDA|Win32
		{4DD6056F-8EEE-4C9A-B2A9-923F01A32E97}.Release_CUDA|x64.ActiveCfg = Release_CUDA|x64
		{4DD6056F-8EEE-4C9A-B2A9-923F01A32E97}.Release_CUDA|x64.Build.0 = Release_CUDA|x64
		{4DD6056F-8EEE-4C9A-B2A9-923F01A32E97}.Release|Win32.ActiveCfg = Release|Win32
		{4DD6056F-8EEE-4C9A-B2A9-923F01A32E97}.Release|Win32.Build.0 = Release|Win32
		{4DD6056F-8EEE-4C9A-B2A9-923F01A32E97}.Release|x64.ActiveCfg = Release|x64
		{4DD6056F-8EEE-4C9A-B2A9-923F01A32E97}.Release|x64.Build.0 = Release|x64
		{F94CCD79-AA11-42DF-AC8A-6C9D2238A883}.Debug_CUDA|Win32.ActiveCfg = Debug_CUDA|Win32
		{F94CCD79-AA11-42DF-AC8A-6C9D2238A883}.Debug_CUDA|Win32.Build.0 = Debug_CUDA|Win32
		{F94CCD79-AA11-42DF-AC8A-6C9D2238A883}.Debug_CUDA|x64.ActiveCfg = Debug_CUDA|x64
		{F94CCD79-AA11-42DF-AC8A-6C9D2238A883}.Debug_CUDA|x64.Build.0 = Debug_CUDA|x64
		{F94CCD79-AA11-42DF-AC8A-6C9D2238A883}.Debug|Win32.ActiveCfg = Debug|Win32
		{F94CCD79-AA11-42DF-AC8A-6C9D2238A883}.Debug|Win32.Build.0 = Debug|Win32
		{F94CCD79-AA11-42DF-AC8A-6C9D2238A883}.Debug|x64.ActiveCfg = Debug|x64
		{F94CCD79-AA11-42DF-AC8A-6C9D2238A883}.Debug|x64.Build.0 = Debug|x64
		{F94CCD79-AA11-42DF-AC8A-6C9D2238A883}.Release_CUDA|Win32.ActiveCfg = Release_CUDA|Win32
		{F94CCD79-AA11-42DF-AC8A-6C9D2238A883}.Release_CUDA|Win32.Build.0 = Release_CUDA|Win32
		{F94CCD79-AA11-42DF-AC8A-6C9D2238A883}.Release_CUDA|x64.ActiveCfg = Release_CUDA|x64
		{F94CCD79-AA11-42DF-AC8A-6C9D2238A883}.Release_CUDA|x64.Build.0 = Release_CUDA|x64
		{F94CCD79-AA11-42DF-AC8A-6C9D2238A883}.Release|Win32.ActiveCfg = Release|Win32
		{F94CCD79-AA11-42DF-AC8A-6C9D2238A883}.Release|Win32.Build.0 = Release|Win32
		{F94CCD79-AA11-42DF-AC8A-6C9D2238A883}.Release|x64.ActiveCfg = Release|x64
		{F94CCD79-AA11-42DF-AC8A-6C9D2238A883}.Release|x64.Build.0 = Release|x64
		{CA2840B3-DA68-41B5-AC57-F5DFD20ED8F8}.Debug_CUDA|Win32.ActiveCfg = Debug_CUDA|Win32
		{CA2840B3-DA68-41B5-AC57-F5DFD20ED8F8}.Debug_CUDA|Win32.Build.0 = Debug_CUDA|Win32
		{CA2840B3-DA68-41B5-AC57-F5DFD20ED8F8}.Debug_CUDA|x64.ActiveCfg = Debug_CUDA|x64
		{CA2840B3-DA68-41B5-AC57-F5DFD20ED8F8}.Debug_CUDA|x64.Build.0 = Debug_CUDA|x64
		{CA2840B3-DA68-41B5-AC57-F5DFD20ED8F8}.Debug|Win32.ActiveCfg = Debug|Win32
		{CA2840B3-DA68-41B5-AC57-F5DFD20ED8F8}.Debug|Win32.Build.0 = Debug|Win32
		{CA2840B3-DA68-41B5-AC57-F5DFD20ED8F8}.Debug|x64.ActiveCfg = Debug|x64
		{CA2840B3-DA68-41B5-AC57-F5DFD20ED8F8}.Debug|x64.Build.0 = Debug|x64
		{CA2840B3-DA68-41B5-AC57-F5DFD20ED8F8}.Release_CUDA|Win32.ActiveCfg = Release_CUDA|Win32
		{CA2840B3-DA68-41B5-AC57-F5DFD20ED8F8}.Release_CUDA|Win32.Build.0 = Release_CUDA|Win32
		{CA2840B3-DA68-41B5-AC57-F5DFD20ED8F8}.Release_CUDA|x64.ActiveCfg = Release_CUDA|x64
		{CA2840B3-DA68-41B5-AC57-F5DFD20ED8F8}.Release_CUDA|x64.Build.0 = Release_CUDA|x64
		{CA2840B3-DA68-41B5-AC57-F5DFD20ED8F8}.Release|Win32.ActiveCfg = Release|Win32
		{CA2840B3-DA68-41B5-AC57-F5DFD20ED8F8}.Release|Win32.Build.0 = Release|Win32
		{CA2840B3-DA68-41B5-AC57-F5DFD20ED8F8}.Release|x64.ActiveCfg = Release|x64
		{CA2840B3-DA68-41B5-AC57-F5DFD20ED8F8}.Release|x64.Build.0 = Release|x64
		{85FE09A6-FA49-4314-A2B1-59D77C7442A8}.Debug_CUDA|Win32.ActiveCfg = Debug_CUDA|Win32
		{85FE09A6-FA49-4314-A2B1-59D77C7442A8}.Debug_CUDA|Win32.Build.0 = Debug_CUDA|Win32
		{85FE09A6-FA49-4314-A2B1-59D77C7442A8}.Debug_CUDA|x64.ActiveCfg = Debug_CUDA|x64
		{85FE09A6-FA49-4314-A2B1-59D77C7442A8}.Debug_CUDA|x64.Build.0 = Debug_CUDA|x64
		{85FE09A6-FA49-4314-A2B1-59D77C7442A8}.Debug|Win32.ActiveCfg = Debug|Win32
		{85FE09A6-FA49-4314-A2B1-59D77C7442A8}.Debug|Win32.Build.0 = Debug|Win32
		{85FE09A6-FA49-4314-A2B1-59D77C7442A8}.Debug|x64.ActiveCfg = Debug|x64
		{85FE09A6-FA49-4314-A2B1-59D77C7442A8}.Debug|x64.Build.0 = Debug|x64
		{85FE09A6-FA49-4314-A2B1-59D77C7442A8}.Release_CUDA|Win32.ActiveCfg = Release_CUDA|Win32
		{85FE09A6-FA49-4314-A2B1-59D77C7442A8}.Release_CUDA|Win32.Build.0 = Release_CUDA|Win32
		{85FE09A6-FA49-4314-A2B1-59D77C7442A8}.Release_CUDA|x64.ActiveCfg = Release_CUDA|x64
		{85FE09A6-FA49-4314-A2B1-59D77C7442A8}.Release_CUDA|x64.Build.0 = Release_CUDA|x64
		{85FE09A6-FA49-4314-A2B1-59D77C7442A8}.Release|Win32.ActiveCfg = Release|Win32
		{85FE09A6-FA49-4314-A2B1-59D77C7442A8}.Release|Win32.Build.0 = Release|Win32
		{85FE09A6-FA49-4314-A2B1-59D77C7442A8}.Release|x64.ActiveCfg = Release|x64
		{85FE09A6-FA49-4314-A2B1-59D77C7442A8}.Release|x64.Build.0 = Release|x64
	EndGlobalSection
	GlobalSection(SolutionProperties) = preSolution
		HideSolutionNode = FALSE
	EndGlobalSection
	GlobalSection(NestedProjects) = preSolution
		{3FDA35E0-0D54-4663-A3E6-5ABA96F32221} = {33EF0AC5-B475-40BF-BAE5-67075B204D10}
		{056BF7A9-294D-487C-8CC3-BE629077CA94} = {33EF0AC5-B475-40BF-BAE5-67075B204D10}
		{E4092269-B19C-46F7-A84E-4F146CC70E44} = {33EF0AC5-B475-40BF-BAE5-67075B204D10}
		{0BEC029B-0929-4BF9-BD8B-9C9806A52065} = {33EF0AC5-B475-40BF-BAE5-67075B204D10}
		{9D041710-2119-4230-BCF2-5FBE753FDE49} = {33EF0AC5-B475-40BF-BAE5-67075B204D10}
		{4DD6056F-8EEE-4C9A-B2A9-923F01A32E97} = {33EF0AC5-B475-40BF-BAE5-67075B204D10}
		{F94CCD79-AA11-42DF-AC8A-6C9D2238A883} = {33EF0AC5-B475-40BF-BAE5-67075B204D10}
		{CA2840B3-DA68-41B5-AC57-F5DFD20ED8F8} = {33EF0AC5-B475-40BF-BAE5-67075B204D10}
		{85FE09A6-FA49-4314-A2B1-59D77C7442A8} = {33EF0AC5-B475-40BF-BAE5-67075B204D10}
	EndGlobalSection
EndGlobal
