
Microsoft Visual Studio Solution File, Format Version 12.00
# Visual Studio 14
VisualStudioVersion = 14.0.25420.1
MinimumVisualStudioVersion = 10.0.40219.1
Project("{8BC9CEB8-8B4A-11D0-8D11-00A0C91BC942}") = "astra_vc14", "astra_vc14.vcxproj", "{DABD9D82-609E-4C71-B1CA-A41B07495290}"
EndProject
Project("{2150E333-8FDC-42A3-9474-1A3956D46DE8}") = "astra_mex", "astra_mex", "{2076FB73-ECFE-4B1B-9A8C-E351C500FAAB}"
	ProjectSection(ProjectDependencies) = postProject
		{DABD9D82-609E-4C71-B1CA-A41B07495290} = {DABD9D82-609E-4C71-B1CA-A41B07495290}
	EndProjectSection
EndProject
Project("{8BC9CEB8-8B4A-11D0-8D11-00A0C91BC942}") = "astra_mex", "matlab\mex\astra_mex_vc14.vcxproj", "{6FDF72C4-A855-4F1C-A401-6500040B5E28}"
	ProjectSection(ProjectDependencies) = postProject
		{DABD9D82-609E-4C71-B1CA-A41B07495290} = {DABD9D82-609E-4C71-B1CA-A41B07495290}
	EndProjectSection
EndProject
Project("{8BC9CEB8-8B4A-11D0-8D11-00A0C91BC942}") = "astra_mex_algorithm", "matlab\mex\astra_mex_algorithm_vc14.vcxproj", "{CE5EF874-830C-4C10-8651-CCA2A34ED9E4}"
	ProjectSection(ProjectDependencies) = postProject
		{DABD9D82-609E-4C71-B1CA-A41B07495290} = {DABD9D82-609E-4C71-B1CA-A41B07495290}
	EndProjectSection
EndProject
Project("{8BC9CEB8-8B4A-11D0-8D11-00A0C91BC942}") = "astra_mex_data2d", "matlab\mex\astra_mex_data2d_vc14.vcxproj", "{D2CDCDB3-7AD9-4853-8D87-BDB1DAD9C9C1}"
	ProjectSection(ProjectDependencies) = postProject
		{DABD9D82-609E-4C71-B1CA-A41B07495290} = {DABD9D82-609E-4C71-B1CA-A41B07495290}
	EndProjectSection
EndProject
Project("{8BC9CEB8-8B4A-11D0-8D11-00A0C91BC942}") = "astra_mex_data3d", "matlab\mex\astra_mex_data3d_vc14.vcxproj", "{2A7084C6-62ED-4235-85F4-094C17689DEB}"
	ProjectSection(ProjectDependencies) = postProject
		{DABD9D82-609E-4C71-B1CA-A41B07495290} = {DABD9D82-609E-4C71-B1CA-A41B07495290}
	EndProjectSection
EndProject
Project("{8BC9CEB8-8B4A-11D0-8D11-00A0C91BC942}") = "astra_mex_matrix", "matlab\mex\astra_mex_matrix_vc14.vcxproj", "{6BFA8857-37EB-4E43-A97C-B860E21599F5}"
	ProjectSection(ProjectDependencies) = postProject
		{DABD9D82-609E-4C71-B1CA-A41B07495290} = {DABD9D82-609E-4C71-B1CA-A41B07495290}
	EndProjectSection
EndProject
Project("{8BC9CEB8-8B4A-11D0-8D11-00A0C91BC942}") = "astra_mex_projector", "matlab\mex\astra_mex_projector_vc14.vcxproj", "{85ECCF1D-C5F6-4E0E-A4F9-0DE7C0B916B2}"
	ProjectSection(ProjectDependencies) = postProject
		{DABD9D82-609E-4C71-B1CA-A41B07495290} = {DABD9D82-609E-4C71-B1CA-A41B07495290}
	EndProjectSection
EndProject
Project("{8BC9CEB8-8B4A-11D0-8D11-00A0C91BC942}") = "astra_mex_projector3d", "matlab\mex\astra_mex_projector3d_vc14.vcxproj", "{CA85BDA0-9BDD-495E-B200-BFE863EB6318}"
	ProjectSection(ProjectDependencies) = postProject
		{DABD9D82-609E-4C71-B1CA-A41B07495290} = {DABD9D82-609E-4C71-B1CA-A41B07495290}
	EndProjectSection
EndProject
Project("{8BC9CEB8-8B4A-11D0-8D11-00A0C91BC942}") = "astra_mex_log", "matlab\mex\astra_mex_log_vc14.vcxproj", "{88539382-66DB-4BBC-A48E-8B6B3CA6064F}"
	ProjectSection(ProjectDependencies) = postProject
		{DABD9D82-609E-4C71-B1CA-A41B07495290} = {DABD9D82-609E-4C71-B1CA-A41B07495290}
	EndProjectSection
EndProject
Project("{8BC9CEB8-8B4A-11D0-8D11-00A0C91BC942}") = "astra_mex_direct", "matlab\mex\astra_mex_direct_vc14.vcxproj", "{47460476-912B-4313-8B10-BDF1D60A84C4}"
	ProjectSection(ProjectDependencies) = postProject
		{DABD9D82-609E-4C71-B1CA-A41B07495290} = {DABD9D82-609E-4C71-B1CA-A41B07495290}
	EndProjectSection
EndProject
Global
	GlobalSection(SolutionConfigurationPlatforms) = preSolution
		Debug_CUDA|Win32 = Debug_CUDA|Win32
		Debug_CUDA|x64 = Debug_CUDA|x64
		Debug|Win32 = Debug|Win32
		Debug|x64 = Debug|x64
		Release_CUDA|Win32 = Release_CUDA|Win32
		Release_CUDA|x64 = Release_CUDA|x64
		Release|Win32 = Release|Win32
		Release|x64 = Release|x64
	EndGlobalSection
	GlobalSection(ProjectConfigurationPlatforms) = postSolution
		{DABD9D82-609E-4C71-B1CA-A41B07495290}.Debug_CUDA|Win32.ActiveCfg = Debug_CUDA|Win32
		{DABD9D82-609E-4C71-B1CA-A41B07495290}.Debug_CUDA|Win32.Build.0 = Debug_CUDA|Win32
		{DABD9D82-609E-4C71-B1CA-A41B07495290}.Debug_CUDA|x64.ActiveCfg = Debug_CUDA|x64
		{DABD9D82-609E-4C71-B1CA-A41B07495290}.Debug_CUDA|x64.Build.0 = Debug_CUDA|x64
		{DABD9D82-609E-4C71-B1CA-A41B07495290}.Debug|Win32.ActiveCfg = Debug|Win32
		{DABD9D82-609E-4C71-B1CA-A41B07495290}.Debug|Win32.Build.0 = Debug|Win32
		{DABD9D82-609E-4C71-B1CA-A41B07495290}.Debug|x64.ActiveCfg = Debug|x64
		{DABD9D82-609E-4C71-B1CA-A41B07495290}.Debug|x64.Build.0 = Debug|x64
		{DABD9D82-609E-4C71-B1CA-A41B07495290}.Release_CUDA|Win32.ActiveCfg = Release_CUDA|Win32
		{DABD9D82-609E-4C71-B1CA-A41B07495290}.Release_CUDA|Win32.Build.0 = Release_CUDA|Win32
		{DABD9D82-609E-4C71-B1CA-A41B07495290}.Release_CUDA|x64.ActiveCfg = Release_CUDA|x64
		{DABD9D82-609E-4C71-B1CA-A41B07495290}.Release_CUDA|x64.Build.0 = Release_CUDA|x64
		{DABD9D82-609E-4C71-B1CA-A41B07495290}.Release|Win32.ActiveCfg = Release|Win32
		{DABD9D82-609E-4C71-B1CA-A41B07495290}.Release|Win32.Build.0 = Release|Win32
		{DABD9D82-609E-4C71-B1CA-A41B07495290}.Release|x64.ActiveCfg = Release|x64
		{DABD9D82-609E-4C71-B1CA-A41B07495290}.Release|x64.Build.0 = Release|x64
		{6FDF72C4-A855-4F1C-A401-6500040B5E28}.Debug_CUDA|Win32.ActiveCfg = Debug_CUDA|Win32
		{6FDF72C4-A855-4F1C-A401-6500040B5E28}.Debug_CUDA|Win32.Build.0 = Debug_CUDA|Win32
		{6FDF72C4-A855-4F1C-A401-6500040B5E28}.Debug_CUDA|x64.ActiveCfg = Debug_CUDA|x64
		{6FDF72C4-A855-4F1C-A401-6500040B5E28}.Debug_CUDA|x64.Build.0 = Debug_CUDA|x64
		{6FDF72C4-A855-4F1C-A401-6500040B5E28}.Debug|Win32.ActiveCfg = Debug|Win32
		{6FDF72C4-A855-4F1C-A401-6500040B5E28}.Debug|Win32.Build.0 = Debug|Win32
		{6FDF72C4-A855-4F1C-A401-6500040B5E28}.Debug|x64.ActiveCfg = Debug|x64
		{6FDF72C4-A855-4F1C-A401-6500040B5E28}.Debug|x64.Build.0 = Debug|x64
		{6FDF72C4-A855-4F1C-A401-6500040B5E28}.Release_CUDA|Win32.ActiveCfg = Release_CUDA|Win32
		{6FDF72C4-A855-4F1C-A401-6500040B5E28}.Release_CUDA|Win32.Build.0 = Release_CUDA|Win32
		{6FDF72C4-A855-4F1C-A401-6500040B5E28}.Release_CUDA|x64.ActiveCfg = Release_CUDA|x64
		{6FDF72C4-A855-4F1C-A401-6500040B5E28}.Release_CUDA|x64.Build.0 = Release_CUDA|x64
		{6FDF72C4-A855-4F1C-A401-6500040B5E28}.Release|Win32.ActiveCfg = Release|Win32
		{6FDF72C4-A855-4F1C-A401-6500040B5E28}.Release|Win32.Build.0 = Release|Win32
		{6FDF72C4-A855-4F1C-A401-6500040B5E28}.Release|x64.ActiveCfg = Release|x64
		{6FDF72C4-A855-4F1C-A401-6500040B5E28}.Release|x64.Build.0 = Release|x64
		{CE5EF874-830C-4C10-8651-CCA2A34ED9E4}.Debug_CUDA|Win32.ActiveCfg = Debug_CUDA|Win32
		{CE5EF874-830C-4C10-8651-CCA2A34ED9E4}.Debug_CUDA|Win32.Build.0 = Debug_CUDA|Win32
		{CE5EF874-830C-4C10-8651-CCA2A34ED9E4}.Debug_CUDA|x64.ActiveCfg = Debug_CUDA|x64
		{CE5EF874-830C-4C10-8651-CCA2A34ED9E4}.Debug_CUDA|x64.Build.0 = Debug_CUDA|x64
		{CE5EF874-830C-4C10-8651-CCA2A34ED9E4}.Debug|Win32.ActiveCfg = Debug|Win32
		{CE5EF874-830C-4C10-8651-CCA2A34ED9E4}.Debug|Win32.Build.0 = Debug|Win32
		{CE5EF874-830C-4C10-8651-CCA2A34ED9E4}.Debug|x64.ActiveCfg = Debug|x64
		{CE5EF874-830C-4C10-8651-CCA2A34ED9E4}.Debug|x64.Build.0 = Debug|x64
		{CE5EF874-830C-4C10-8651-CCA2A34ED9E4}.Release_CUDA|Win32.ActiveCfg = Release_CUDA|Win32
		{CE5EF874-830C-4C10-8651-CCA2A34ED9E4}.Release_CUDA|Win32.Build.0 = Release_CUDA|Win32
		{CE5EF874-830C-4C10-8651-CCA2A34ED9E4}.Release_CUDA|x64.ActiveCfg = Release_CUDA|x64
		{CE5EF874-830C-4C10-8651-CCA2A34ED9E4}.Release_CUDA|x64.Build.0 = Release_CUDA|x64
		{CE5EF874-830C-4C10-8651-CCA2A34ED9E4}.Release|Win32.ActiveCfg = Release|Win32
		{CE5EF874-830C-4C10-8651-CCA2A34ED9E4}.Release|Win32.Build.0 = Release|Win32
		{CE5EF874-830C-4C10-8651-CCA2A34ED9E4}.Release|x64.ActiveCfg = Release|x64
		{CE5EF874-830C-4C10-8651-CCA2A34ED9E4}.Release|x64.Build.0 = Release|x64
		{D2CDCDB3-7AD9-4853-8D87-BDB1DAD9C9C1}.Debug_CUDA|Win32.ActiveCfg = Debug_CUDA|Win32
		{D2CDCDB3-7AD9-4853-8D87-BDB1DAD9C9C1}.Debug_CUDA|Win32.Build.0 = Debug_CUDA|Win32
		{D2CDCDB3-7AD9-4853-8D87-BDB1DAD9C9C1}.Debug_CUDA|x64.ActiveCfg = Debug_CUDA|x64
		{D2CDCDB3-7AD9-4853-8D87-BDB1DAD9C9C1}.Debug_CUDA|x64.Build.0 = Debug_CUDA|x64
		{D2CDCDB3-7AD9-4853-8D87-BDB1DAD9C9C1}.Debug|Win32.ActiveCfg = Debug|Win32
		{D2CDCDB3-7AD9-4853-8D87-BDB1DAD9C9C1}.Debug|Win32.Build.0 = Debug|Win32
		{D2CDCDB3-7AD9-4853-8D87-BDB1DAD9C9C1}.Debug|x64.ActiveCfg = Debug|x64
		{D2CDCDB3-7AD9-4853-8D87-BDB1DAD9C9C1}.Debug|x64.Build.0 = Debug|x64
		{D2CDCDB3-7AD9-4853-8D87-BDB1DAD9C9C1}.Release_CUDA|Win32.ActiveCfg = Release_CUDA|Win32
		{D2CDCDB3-7AD9-4853-8D87-BDB1DAD9C9C1}.Release_CUDA|Win32.Build.0 = Release_CUDA|Win32
		{D2CDCDB3-7AD9-4853-8D87-BDB1DAD9C9C1}.Release_CUDA|x64.ActiveCfg = Release_CUDA|x64
		{D2CDCDB3-7AD9-4853-8D87-BDB1DAD9C9C1}.Release_CUDA|x64.Build.0 = Release_CUDA|x64
		{D2CDCDB3-7AD9-4853-8D87-BDB1DAD9C9C1}.Release|Win32.ActiveCfg = Release|Win32
		{D2CDCDB3-7AD9-4853-8D87-BDB1DAD9C9C1}.Release|Win32.Build.0 = Release|Win32
		{D2CDCDB3-7AD9-4853-8D87-BDB1DAD9C9C1}.Release|x64.ActiveCfg = Release|x64
		{D2CDCDB3-7AD9-4853-8D87-BDB1DAD9C9C1}.Release|x64.Build.0 = Release|x64
		{2A7084C6-62ED-4235-85F4-094C17689DEB}.Debug_CUDA|Win32.ActiveCfg = Debug_CUDA|Win32
		{2A7084C6-62ED-4235-85F4-094C17689DEB}.Debug_CUDA|Win32.Build.0 = Debug_CUDA|Win32
		{2A7084C6-62ED-4235-85F4-094C17689DEB}.Debug_CUDA|x64.ActiveCfg = Debug_CUDA|x64
		{2A7084C6-62ED-4235-85F4-094C17689DEB}.Debug_CUDA|x64.Build.0 = Debug_CUDA|x64
		{2A7084C6-62ED-4235-85F4-094C17689DEB}.Debug|Win32.ActiveCfg = Debug|Win32
		{2A7084C6-62ED-4235-85F4-094C17689DEB}.Debug|Win32.Build.0 = Debug|Win32
		{2A7084C6-62ED-4235-85F4-094C17689DEB}.Debug|x64.ActiveCfg = Debug|x64
		{2A7084C6-62ED-4235-85F4-094C17689DEB}.Debug|x64.Build.0 = Debug|x64
		{2A7084C6-62ED-4235-85F4-094C17689DEB}.Release_CUDA|Win32.ActiveCfg = Release_CUDA|Win32
		{2A7084C6-62ED-4235-85F4-094C17689DEB}.Release_CUDA|Win32.Build.0 = Release_CUDA|Win32
		{2A7084C6-62ED-4235-85F4-094C17689DEB}.Release_CUDA|x64.ActiveCfg = Release_CUDA|x64
		{2A7084C6-62ED-4235-85F4-094C17689DEB}.Release_CUDA|x64.Build.0 = Release_CUDA|x64
		{2A7084C6-62ED-4235-85F4-094C17689DEB}.Release|Win32.ActiveCfg = Release|Win32
		{2A7084C6-62ED-4235-85F4-094C17689DEB}.Release|Win32.Build.0 = Release|Win32
		{2A7084C6-62ED-4235-85F4-094C17689DEB}.Release|x64.ActiveCfg = Release|x64
		{2A7084C6-62ED-4235-85F4-094C17689DEB}.Release|x64.Build.0 = Release|x64
		{6BFA8857-37EB-4E43-A97C-B860E21599F5}.Debug_CUDA|Win32.ActiveCfg = Debug_CUDA|Win32
		{6BFA8857-37EB-4E43-A97C-B860E21599F5}.Debug_CUDA|Win32.Build.0 = Debug_CUDA|Win32
		{6BFA8857-37EB-4E43-A97C-B860E21599F5}.Debug_CUDA|x64.ActiveCfg = Debug_CUDA|x64
		{6BFA8857-37EB-4E43-A97C-B860E21599F5}.Debug_CUDA|x64.Build.0 = Debug_CUDA|x64
		{6BFA8857-37EB-4E43-A97C-B860E21599F5}.Debug|Win32.ActiveCfg = Debug|Win32
		{6BFA8857-37EB-4E43-A97C-B860E21599F5}.Debug|Win32.Build.0 = Debug|Win32
		{6BFA8857-37EB-4E43-A97C-B860E21599F5}.Debug|x64.ActiveCfg = Debug|x64
		{6BFA8857-37EB-4E43-A97C-B860E21599F5}.Debug|x64.Build.0 = Debug|x64
		{6BFA8857-37EB-4E43-A97C-B860E21599F5}.Release_CUDA|Win32.ActiveCfg = Release_CUDA|Win32
		{6BFA8857-37EB-4E43-A97C-B860E21599F5}.Release_CUDA|Win32.Build.0 = Release_CUDA|Win32
		{6BFA8857-37EB-4E43-A97C-B860E21599F5}.Release_CUDA|x64.ActiveCfg = Release_CUDA|x64
		{6BFA8857-37EB-4E43-A97C-B860E21599F5}.Release_CUDA|x64.Build.0 = Release_CUDA|x64
		{6BFA8857-37EB-4E43-A97C-B860E21599F5}.Release|Win32.ActiveCfg = Release|Win32
		{6BFA8857-37EB-4E43-A97C-B860E21599F5}.Release|Win32.Build.0 = Release|Win32
		{6BFA8857-37EB-4E43-A97C-B860E21599F5}.Release|x64.ActiveCfg = Release|x64
		{6BFA8857-37EB-4E43-A97C-B860E21599F5}.Release|x64.Build.0 = Release|x64
		{85ECCF1D-C5F6-4E0E-A4F9-0DE7C0B916B2}.Debug_CUDA|Win32.ActiveCfg = Debug_CUDA|Win32
		{85ECCF1D-C5F6-4E0E-A4F9-0DE7C0B916B2}.Debug_CUDA|Win32.Build.0 = Debug_CUDA|Win32
		{85ECCF1D-C5F6-4E0E-A4F9-0DE7C0B916B2}.Debug_CUDA|x64.ActiveCfg = Debug_CUDA|x64
		{85ECCF1D-C5F6-4E0E-A4F9-0DE7C0B916B2}.Debug_CUDA|x64.Build.0 = Debug_CUDA|x64
		{85ECCF1D-C5F6-4E0E-A4F9-0DE7C0B916B2}.Debug|Win32.ActiveCfg = Debug|Win32
		{85ECCF1D-C5F6-4E0E-A4F9-0DE7C0B916B2}.Debug|Win32.Build.0 = Debug|Win32
		{85ECCF1D-C5F6-4E0E-A4F9-0DE7C0B916B2}.Debug|x64.ActiveCfg = Debug|x64
		{85ECCF1D-C5F6-4E0E-A4F9-0DE7C0B916B2}.Debug|x64.Build.0 = Debug|x64
		{85ECCF1D-C5F6-4E0E-A4F9-0DE7C0B916B2}.Release_CUDA|Win32.ActiveCfg = Release_CUDA|Win32
		{85ECCF1D-C5F6-4E0E-A4F9-0DE7C0B916B2}.Release_CUDA|Win32.Build.0 = Release_CUDA|Win32
		{85ECCF1D-C5F6-4E0E-A4F9-0DE7C0B916B2}.Release_CUDA|x64.ActiveCfg = Release_CUDA|x64
		{85ECCF1D-C5F6-4E0E-A4F9-0DE7C0B916B2}.Release_CUDA|x64.Build.0 = Release_CUDA|x64
		{85ECCF1D-C5F6-4E0E-A4F9-0DE7C0B916B2}.Release|Win32.ActiveCfg = Release|Win32
		{85ECCF1D-C5F6-4E0E-A4F9-0DE7C0B916B2}.Release|Win32.Build.0 = Release|Win32
		{85ECCF1D-C5F6-4E0E-A4F9-0DE7C0B916B2}.Release|x64.ActiveCfg = Release|x64
		{85ECCF1D-C5F6-4E0E-A4F9-0DE7C0B916B2}.Release|x64.Build.0 = Release|x64
		{CA85BDA0-9BDD-495E-B200-BFE863EB6318}.Debug_CUDA|Win32.ActiveCfg = Debug_CUDA|Win32
		{CA85BDA0-9BDD-495E-B200-BFE863EB6318}.Debug_CUDA|Win32.Build.0 = Debug_CUDA|Win32
		{CA85BDA0-9BDD-495E-B200-BFE863EB6318}.Debug_CUDA|x64.ActiveCfg = Debug_CUDA|x64
		{CA85BDA0-9BDD-495E-B200-BFE863EB6318}.Debug_CUDA|x64.Build.0 = Debug_CUDA|x64
		{CA85BDA0-9BDD-495E-B200-BFE863EB6318}.Debug|Win32.ActiveCfg = Debug|Win32
		{CA85BDA0-9BDD-495E-B200-BFE863EB6318}.Debug|Win32.Build.0 = Debug|Win32
		{CA85BDA0-9BDD-495E-B200-BFE863EB6318}.Debug|x64.ActiveCfg = Debug|x64
		{CA85BDA0-9BDD-495E-B200-BFE863EB6318}.Debug|x64.Build.0 = Debug|x64
		{CA85BDA0-9BDD-495E-B200-BFE863EB6318}.Release_CUDA|Win32.ActiveCfg = Release_CUDA|Win32
		{CA85BDA0-9BDD-495E-B200-BFE863EB6318}.Release_CUDA|Win32.Build.0 = Release_CUDA|Win32
		{CA85BDA0-9BDD-495E-B200-BFE863EB6318}.Release_CUDA|x64.ActiveCfg = Release_CUDA|x64
		{CA85BDA0-9BDD-495E-B200-BFE863EB6318}.Release_CUDA|x64.Build.0 = Release_CUDA|x64
		{CA85BDA0-9BDD-495E-B200-BFE863EB6318}.Release|Win32.ActiveCfg = Release|Win32
		{CA85BDA0-9BDD-495E-B200-BFE863EB6318}.Release|Win32.Build.0 = Release|Win32
		{CA85BDA0-9BDD-495E-B200-BFE863EB6318}.Release|x64.ActiveCfg = Release|x64
		{CA85BDA0-9BDD-495E-B200-BFE863EB6318}.Release|x64.Build.0 = Release|x64
		{88539382-66DB-4BBC-A48E-8B6B3CA6064F}.Debug_CUDA|Win32.ActiveCfg = Debug_CUDA|Win32
		{88539382-66DB-4BBC-A48E-8B6B3CA6064F}.Debug_CUDA|Win32.Build.0 = Debug_CUDA|Win32
		{88539382-66DB-4BBC-A48E-8B6B3CA6064F}.Debug_CUDA|x64.ActiveCfg = Debug_CUDA|x64
		{88539382-66DB-4BBC-A48E-8B6B3CA6064F}.Debug_CUDA|x64.Build.0 = Debug_CUDA|x64
		{88539382-66DB-4BBC-A48E-8B6B3CA6064F}.Debug|Win32.ActiveCfg = Debug|Win32
		{88539382-66DB-4BBC-A48E-8B6B3CA6064F}.Debug|Win32.Build.0 = Debug|Win32
		{88539382-66DB-4BBC-A48E-8B6B3CA6064F}.Debug|x64.ActiveCfg = Debug|x64
		{88539382-66DB-4BBC-A48E-8B6B3CA6064F}.Debug|x64.Build.0 = Debug|x64
		{88539382-66DB-4BBC-A48E-8B6B3CA6064F}.Release_CUDA|Win32.ActiveCfg = Release_CUDA|Win32
		{88539382-66DB-4BBC-A48E-8B6B3CA6064F}.Release_CUDA|Win32.Build.0 = Release_CUDA|Win32
		{88539382-66DB-4BBC-A48E-8B6B3CA6064F}.Release_CUDA|x64.ActiveCfg = Release_CUDA|x64
		{88539382-66DB-4BBC-A48E-8B6B3CA6064F}.Release_CUDA|x64.Build.0 = Release_CUDA|x64
		{88539382-66DB-4BBC-A48E-8B6B3CA6064F}.Release|Win32.ActiveCfg = Release|Win32
		{88539382-66DB-4BBC-A48E-8B6B3CA6064F}.Release|Win32.Build.0 = Release|Win32
		{88539382-66DB-4BBC-A48E-8B6B3CA6064F}.Release|x64.ActiveCfg = Release|x64
		{88539382-66DB-4BBC-A48E-8B6B3CA6064F}.Release|x64.Build.0 = Release|x64
		{47460476-912B-4313-8B10-BDF1D60A84C4}.Debug_CUDA|Win32.ActiveCfg = Debug_CUDA|Win32
		{47460476-912B-4313-8B10-BDF1D60A84C4}.Debug_CUDA|Win32.Build.0 = Debug_CUDA|Win32
		{47460476-912B-4313-8B10-BDF1D60A84C4}.Debug_CUDA|x64.ActiveCfg = Debug_CUDA|x64
		{47460476-912B-4313-8B10-BDF1D60A84C4}.Debug_CUDA|x64.Build.0 = Debug_CUDA|x64
		{47460476-912B-4313-8B10-BDF1D60A84C4}.Debug|Win32.ActiveCfg = Debug|Win32
		{47460476-912B-4313-8B10-BDF1D60A84C4}.Debug|Win32.Build.0 = Debug|Win32
		{47460476-912B-4313-8B10-BDF1D60A84C4}.Debug|x64.ActiveCfg = Debug|x64
		{47460476-912B-4313-8B10-BDF1D60A84C4}.Debug|x64.Build.0 = Debug|x64
		{47460476-912B-4313-8B10-BDF1D60A84C4}.Release_CUDA|Win32.ActiveCfg = Release_CUDA|Win32
		{47460476-912B-4313-8B10-BDF1D60A84C4}.Release_CUDA|Win32.Build.0 = Release_CUDA|Win32
		{47460476-912B-4313-8B10-BDF1D60A84C4}.Release_CUDA|x64.ActiveCfg = Release_CUDA|x64
		{47460476-912B-4313-8B10-BDF1D60A84C4}.Release_CUDA|x64.Build.0 = Release_CUDA|x64
		{47460476-912B-4313-8B10-BDF1D60A84C4}.Release|Win32.ActiveCfg = Release|Win32
		{47460476-912B-4313-8B10-BDF1D60A84C4}.Release|Win32.Build.0 = Release|Win32
		{47460476-912B-4313-8B10-BDF1D60A84C4}.Release|x64.ActiveCfg = Release|x64
		{47460476-912B-4313-8B10-BDF1D60A84C4}.Release|x64.Build.0 = Release|x64
	EndGlobalSection
	GlobalSection(SolutionProperties) = preSolution
		HideSolutionNode = FALSE
	EndGlobalSection
	GlobalSection(NestedProjects) = preSolution
		{6FDF72C4-A855-4F1C-A401-6500040B5E28} = {2076FB73-ECFE-4B1B-9A8C-E351C500FAAB}
		{CE5EF874-830C-4C10-8651-CCA2A34ED9E4} = {2076FB73-ECFE-4B1B-9A8C-E351C500FAAB}
		{D2CDCDB3-7AD9-4853-8D87-BDB1DAD9C9C1} = {2076FB73-ECFE-4B1B-9A8C-E351C500FAAB}
		{2A7084C6-62ED-4235-85F4-094C17689DEB} = {2076FB73-ECFE-4B1B-9A8C-E351C500FAAB}
		{6BFA8857-37EB-4E43-A97C-B860E21599F5} = {2076FB73-ECFE-4B1B-9A8C-E351C500FAAB}
		{85ECCF1D-C5F6-4E0E-A4F9-0DE7C0B916B2} = {2076FB73-ECFE-4B1B-9A8C-E351C500FAAB}
		{CA85BDA0-9BDD-495E-B200-BFE863EB6318} = {2076FB73-ECFE-4B1B-9A8C-E351C500FAAB}
		{88539382-66DB-4BBC-A48E-8B6B3CA6064F} = {2076FB73-ECFE-4B1B-9A8C-E351C500FAAB}
		{47460476-912B-4313-8B10-BDF1D60A84C4} = {2076FB73-ECFE-4B1B-9A8C-E351C500FAAB}
	EndGlobalSection
EndGlobal
