
Microsoft Visual Studio Solution File, Format Version 12.00
# Visual Studio 2012
Project("{8BC9CEB8-8B4A-11D0-8D11-00A0C91BC942}") = "astra_vc11", "astra_vc11.vcxproj", "{BE9F1326-527C-4284-AE2C-D1E25D539CEA}"
EndProject
Project("{2150E333-8FDC-42A3-9474-1A3956D46DE8}") = "astra_mex", "astra_mex", "{5E99A109-374E-4102-BE9B-99BA1FA8AA30}"
	ProjectSection(ProjectDependencies) = postProject
		{BE9F1326-527C-4284-AE2C-D1E25D539CEA} = {BE9F1326-527C-4284-AE2C-D1E25D539CEA}
	EndProjectSection
EndProject
Project("{8BC9CEB8-8B4A-11D0-8D11-00A0C91BC942}") = "astra_mex", "matlab\mex\astra_mex_vc11.vcxproj", "{3FDA35E0-0D54-4663-A3E6-5ABA96F32221}"
	ProjectSection(ProjectDependencies) = postProject
		{BE9F1326-527C-4284-AE2C-D1E25D539CEA} = {BE9F1326-527C-4284-AE2C-D1E25D539CEA}
	EndProjectSection
EndProject
Project("{8BC9CEB8-8B4A-11D0-8D11-00A0C91BC942}") = "astra_mex_algorithm", "matlab\mex\astra_mex_algorithm_vc11.vcxproj", "{056BF7A9-294D-487C-8CC3-BE629077CA94}"
	ProjectSection(ProjectDependencies) = postProject
		{BE9F1326-527C-4284-AE2C-D1E25D539CEA} = {BE9F1326-527C-4284-AE2C-D1E25D539CEA}
	EndProjectSection
EndProject
Project("{8BC9CEB8-8B4A-11D0-8D11-00A0C91BC942}") = "astra_mex_data2d", "matlab\mex\astra_mex_data2d_vc11.vcxproj", "{E4092269-B19C-46F7-A84E-4F146CC70E44}"
	ProjectSection(ProjectDependencies) = postProject
		{BE9F1326-527C-4284-AE2C-D1E25D539CEA} = {BE9F1326-527C-4284-AE2C-D1E25D539CEA}
	EndProjectSection
EndProject
Project("{8BC9CEB8-8B4A-11D0-8D11-00A0C91BC942}") = "astra_mex_data3d", "matlab\mex\astra_mex_data3d_vc11.vcxproj", "{0BEC029B-0929-4BF9-BD8B-9C9806A52065}"
	ProjectSection(ProjectDependencies) = postProject
		{BE9F1326-527C-4284-AE2C-D1E25D539CEA} = {BE9F1326-527C-4284-AE2C-D1E25D539CEA}
	EndProjectSection
EndProject
Project("{8BC9CEB8-8B4A-11D0-8D11-00A0C91BC942}") = "astra_mex_matrix", "matlab\mex\astra_mex_matrix_vc11.vcxproj", "{9D041710-2119-4230-BCF2-5FBE753FDE49}"
	ProjectSection(ProjectDependencies) = postProject
		{BE9F1326-527C-4284-AE2C-D1E25D539CEA} = {BE9F1326-527C-4284-AE2C-D1E25D539CEA}
	EndProjectSection
EndProject
Project("{8BC9CEB8-8B4A-11D0-8D11-00A0C91BC942}") = "astra_mex_projector", "matlab\mex\astra_mex_projector_vc11.vcxproj", "{4DD6056F-8EEE-4C9A-B2A9-923F01A32E97}"
	ProjectSection(ProjectDependencies) = postProject
		{BE9F1326-527C-4284-AE2C-D1E25D539CEA} = {BE9F1326-527C-4284-AE2C-D1E25D539CEA}
	EndProjectSection
EndProject
Project("{8BC9CEB8-8B4A-11D0-8D11-00A0C91BC942}") = "astra_mex_projector3d", "matlab\mex\astra_mex_projector3d_vc11.vcxproj", "{F94CCD79-AA11-42DF-AC8A-6C9D2238A883}"
	ProjectSection(ProjectDependencies) = postProject
		{BE9F1326-527C-4284-AE2C-D1E25D539CEA} = {BE9F1326-527C-4284-AE2C-D1E25D539CEA}
	EndProjectSection
EndProject
Project("{8BC9CEB8-8B4A-11D0-8D11-00A0C91BC942}") = "astra_mex_log", "matlab\mex\astra_mex_log_vc11.vcxproj", "{03B833F5-4FD6-4FBE-AAF4-E3305CD56D2E}"
	ProjectSection(ProjectDependencies) = postProject
		{BE9F1326-527C-4284-AE2C-D1E25D539CEA} = {BE9F1326-527C-4284-AE2C-D1E25D539CEA}
	EndProjectSection
EndProject
Project("{8BC9CEB8-8B4A-11D0-8D11-00A0C91BC942}") = "astra_mex_direct", "matlab\mex\astra_mex_direct_vc11.vcxproj", "{0F68F4E2-BE1B-4A9A-B101-AECF4C069CC7}"
	ProjectSection(ProjectDependencies) = postProject
		{BE9F1326-527C-4284-AE2C-D1E25D539CEA} = {BE9F1326-527C-4284-AE2C-D1E25D539CEA}
	EndProjectSection
EndProject
Global
	GlobalSection(SolutionConfigurationPlatforms) = preSolution
		Debug_CUDA|Win32 = Debug_CUDA|Win32
		Debug_CUDA|x64 = Debug_CUDA|x64
		Debug|Win32 = Debug|Win32
		Debug|x64 = Debug|x64
		Release_CUDA|Win32 = Release_CUDA|Win32
		Release_CUDA|x64 = Release_CUDA|x64
		Release|Win32 = Release|Win32
		Release|x64 = Release|x64
	EndGlobalSection
	GlobalSection(ProjectConfigurationPlatforms) = postSolution
		{BE9F1326-527C-4284-AE2C-D1E25D539CEA}.Debug_CUDA|Win32.ActiveCfg = Debug_CUDA|Win32
		{BE9F1326-527C-4284-AE2C-D1E25D539CEA}.Debug_CUDA|Win32.Build.0 = Debug_CUDA|Win32
		{BE9F1326-527C-4284-AE2C-D1E25D539CEA}.Debug_CUDA|x64.ActiveCfg = Debug_CUDA|x64
		{BE9F1326-527C-4284-AE2C-D1E25D539CEA}.Debug_CUDA|x64.Build.0 = Debug_CUDA|x64
		{BE9F1326-527C-4284-AE2C-D1E25D539CEA}.Debug|Win32.ActiveCfg = Debug|Win32
		{BE9F1326-527C-4284-AE2C-D1E25D539CEA}.Debug|Win32.Build.0 = Debug|Win32
		{BE9F1326-527C-4284-AE2C-D1E25D539CEA}.Debug|x64.ActiveCfg = Debug|x64
		{BE9F1326-527C-4284-AE2C-D1E25D539CEA}.Debug|x64.Build.0 = Debug|x64
		{BE9F1326-527C-4284-AE2C-D1E25D539CEA}.Release_CUDA|Win32.ActiveCfg = Release_CUDA|Win32
		{BE9F1326-527C-4284-AE2C-D1E25D539CEA}.Release_CUDA|Win32.Build.0 = Release_CUDA|Win32
		{BE9F1326-527C-4284-AE2C-D1E25D539CEA}.Release_CUDA|x64.ActiveCfg = Release_CUDA|x64
		{BE9F1326-527C-4284-AE2C-D1E25D539CEA}.Release_CUDA|x64.Build.0 = Release_CUDA|x64
		{BE9F1326-527C-4284-AE2C-D1E25D539CEA}.Release|Win32.ActiveCfg = Release|Win32
		{BE9F1326-527C-4284-AE2C-D1E25D539CEA}.Release|Win32.Build.0 = Release|Win32
		{BE9F1326-527C-4284-AE2C-D1E25D539CEA}.Release|x64.ActiveCfg = Release|x64
		{BE9F1326-527C-4284-AE2C-D1E25D539CEA}.Release|x64.Build.0 = Release|x64
		{3FDA35E0-0D54-4663-A3E6-5ABA96F32221}.Debug_CUDA|Win32.ActiveCfg = Debug_CUDA|Win32
		{3FDA35E0-0D54-4663-A3E6-5ABA96F32221}.Debug_CUDA|Win32.Build.0 = Debug_CUDA|Win32
		{3FDA35E0-0D54-4663-A3E6-5ABA96F32221}.Debug_CUDA|x64.ActiveCfg = Debug_CUDA|x64
		{3FDA35E0-0D54-4663-A3E6-5ABA96F32221}.Debug_CUDA|x64.Build.0 = Debug_CUDA|x64
		{3FDA35E0-0D54-4663-A3E6-5ABA96F32221}.Debug|Win32.ActiveCfg = Debug|Win32
		{3FDA35E0-0D54-4663-A3E6-5ABA96F32221}.Debug|Win32.Build.0 = Debug|Win32
		{3FDA35E0-0D54-4663-A3E6-5ABA96F32221}.Debug|x64.ActiveCfg = Debug|x64
		{3FDA35E0-0D54-4663-A3E6-5ABA96F32221}.Debug|x64.Build.0 = Debug|x64
		{3FDA35E0-0D54-4663-A3E6-5ABA96F32221}.Release_CUDA|Win32.ActiveCfg = Release_CUDA|Win32
		{3FDA35E0-0D54-4663-A3E6-5ABA96F32221}.Release_CUDA|Win32.Build.0 = Release_CUDA|Win32
		{3FDA35E0-0D54-4663-A3E6-5ABA96F32221}.Release_CUDA|x64.ActiveCfg = Release_CUDA|x64
		{3FDA35E0-0D54-4663-A3E6-5ABA96F32221}.Release_CUDA|x64.Build.0 = Release_CUDA|x64
		{3FDA35E0-0D54-4663-A3E6-5ABA96F32221}.Release|Win32.ActiveCfg = Release|Win32
		{3FDA35E0-0D54-4663-A3E6-5ABA96F32221}.Release|Win32.Build.0 = Release|Win32
		{3FDA35E0-0D54-4663-A3E6-5ABA96F32221}.Release|x64.ActiveCfg = Release|x64
		{3FDA35E0-0D54-4663-A3E6-5ABA96F32221}.Release|x64.Build.0 = Release|x64
		{056BF7A9-294D-487C-8CC3-BE629077CA94}.Debug_CUDA|Win32.ActiveCfg = Debug_CUDA|Win32
		{056BF7A9-294D-487C-8CC3-BE629077CA94}.Debug_CUDA|Win32.Build.0 = Debug_CUDA|Win32
		{056BF7A9-294D-487C-8CC3-BE629077CA94}.Debug_CUDA|x64.ActiveCfg = Debug_CUDA|x64
		{056BF7A9-294D-487C-8CC3-BE629077CA94}.Debug_CUDA|x64.Build.0 = Debug_CUDA|x64
		{056BF7A9-294D-487C-8CC3-BE629077CA94}.Debug|Win32.ActiveCfg = Debug|Win32
		{056BF7A9-294D-487C-8CC3-BE629077CA94}.Debug|Win32.Build.0 = Debug|Win32
		{056BF7A9-294D-487C-8CC3-BE629077CA94}.Debug|x64.ActiveCfg = Debug|x64
		{056BF7A9-294D-487C-8CC3-BE629077CA94}.Debug|x64.Build.0 = Debug|x64
		{056BF7A9-294D-487C-8CC3-BE629077CA94}.Release_CUDA|Win32.ActiveCfg = Release_CUDA|Win32
		{056BF7A9-294D-487C-8CC3-BE629077CA94}.Release_CUDA|Win32.Build.0 = Release_CUDA|Win32
		{056BF7A9-294D-487C-8CC3-BE629077CA94}.Release_CUDA|x64.ActiveCfg = Release_CUDA|x64
		{056BF7A9-294D-487C-8CC3-BE629077CA94}.Release_CUDA|x64.Build.0 = Release_CUDA|x64
		{056BF7A9-294D-487C-8CC3-BE629077CA94}.Release|Win32.ActiveCfg = Release|Win32
		{056BF7A9-294D-487C-8CC3-BE629077CA94}.Release|Win32.Build.0 = Release|Win32
		{056BF7A9-294D-487C-8CC3-BE629077CA94}.Release|x64.ActiveCfg = Release|x64
		{056BF7A9-294D-487C-8CC3-BE629077CA94}.Release|x64.Build.0 = Release|x64
		{E4092269-B19C-46F7-A84E-4F146CC70E44}.Debug_CUDA|Win32.ActiveCfg = Debug_CUDA|Win32
		{E4092269-B19C-46F7-A84E-4F146CC70E44}.Debug_CUDA|Win32.Build.0 = Debug_CUDA|Win32
		{E4092269-B19C-46F7-A84E-4F146CC70E44}.Debug_CUDA|x64.ActiveCfg = Debug_CUDA|x64
		{E4092269-B19C-46F7-A84E-4F146CC70E44}.Debug_CUDA|x64.Build.0 = Debug_CUDA|x64
		{E4092269-B19C-46F7-A84E-4F146CC70E44}.Debug|Win32.ActiveCfg = Debug|Win32
		{E4092269-B19C-46F7-A84E-4F146CC70E44}.Debug|Win32.Build.0 = Debug|Win32
		{E4092269-B19C-46F7-A84E-4F146CC70E44}.Debug|x64.ActiveCfg = Debug|x64
		{E4092269-B19C-46F7-A84E-4F146CC70E44}.Debug|x64.Build.0 = Debug|x64
		{E4092269-B19C-46F7-A84E-4F146CC70E44}.Release_CUDA|Win32.ActiveCfg = Release_CUDA|Win32
		{E4092269-B19C-46F7-A84E-4F146CC70E44}.Release_CUDA|Win32.Build.0 = Release_CUDA|Win32
		{E4092269-B19C-46F7-A84E-4F146CC70E44}.Release_CUDA|x64.ActiveCfg = Release_CUDA|x64
		{E4092269-B19C-46F7-A84E-4F146CC70E44}.Release_CUDA|x64.Build.0 = Release_CUDA|x64
		{E4092269-B19C-46F7-A84E-4F146CC70E44}.Release|Win32.ActiveCfg = Release|Win32
		{E4092269-B19C-46F7-A84E-4F146CC70E44}.Release|Win32.Build.0 = Release|Win32
		{E4092269-B19C-46F7-A84E-4F146CC70E44}.Release|x64.ActiveCfg = Release|x64
		{E4092269-B19C-46F7-A84E-4F146CC70E44}.Release|x64.Build.0 = Release|x64
		{0BEC029B-0929-4BF9-BD8B-9C9806A52065}.Debug_CUDA|Win32.ActiveCfg = Debug_CUDA|Win32
		{0BEC029B-0929-4BF9-BD8B-9C9806A52065}.Debug_CUDA|Win32.Build.0 = Debug_CUDA|Win32
		{0BEC029B-0929-4BF9-BD8B-9C9806A52065}.Debug_CUDA|x64.ActiveCfg = Debug_CUDA|x64
		{0BEC029B-0929-4BF9-BD8B-9C9806A52065}.Debug_CUDA|x64.Build.0 = Debug_CUDA|x64
		{0BEC029B-0929-4BF9-BD8B-9C9806A52065}.Debug|Win32.ActiveCfg = Debug|Win32
		{0BEC029B-0929-4BF9-BD8B-9C9806A52065}.Debug|Win32.Build.0 = Debug|Win32
		{0BEC029B-0929-4BF9-BD8B-9C9806A52065}.Debug|x64.ActiveCfg = Debug|x64
		{0BEC029B-0929-4BF9-BD8B-9C9806A52065}.Debug|x64.Build.0 = Debug|x64
		{0BEC029B-0929-4BF9-BD8B-9C9806A52065}.Release_CUDA|Win32.ActiveCfg = Release_CUDA|Win32
		{0BEC029B-0929-4BF9-BD8B-9C9806A52065}.Release_CUDA|Win32.Build.0 = Release_CUDA|Win32
		{0BEC029B-0929-4BF9-BD8B-9C9806A52065}.Release_CUDA|x64.ActiveCfg = Release_CUDA|x64
		{0BEC029B-0929-4BF9-BD8B-9C9806A52065}.Release_CUDA|x64.Build.0 = Release_CUDA|x64
		{0BEC029B-0929-4BF9-BD8B-9C9806A52065}.Release|Win32.ActiveCfg = Release|Win32
		{0BEC029B-0929-4BF9-BD8B-9C9806A52065}.Release|Win32.Build.0 = Release|Win32
		{0BEC029B-0929-4BF9-BD8B-9C9806A52065}.Release|x64.ActiveCfg = Release|x64
		{0BEC029B-0929-4BF9-BD8B-9C9806A52065}.Release|x64.Build.0 = Release|x64
		{9D041710-2119-4230-BCF2-5FBE753FDE49}.Debug_CUDA|Win32.ActiveCfg = Debug_CUDA|Win32
		{9D041710-2119-4230-BCF2-5FBE753FDE49}.Debug_CUDA|Win32.Build.0 = Debug_CUDA|Win32
		{9D041710-2119-4230-BCF2-5FBE753FDE49}.Debug_CUDA|x64.ActiveCfg = Debug_CUDA|x64
		{9D041710-2119-4230-BCF2-5FBE753FDE49}.Debug_CUDA|x64.Build.0 = Debug_CUDA|x64
		{9D041710-2119-4230-BCF2-5FBE753FDE49}.Debug|Win32.ActiveCfg = Debug|Win32
		{9D041710-2119-4230-BCF2-5FBE753FDE49}.Debug|Win32.Build.0 = Debug|Win32
		{9D041710-2119-4230-BCF2-5FBE753FDE49}.Debug|x64.ActiveCfg = Debug|x64
		{9D041710-2119-4230-BCF2-5FBE753FDE49}.Debug|x64.Build.0 = Debug|x64
		{9D041710-2119-4230-BCF2-5FBE753FDE49}.Release_CUDA|Win32.ActiveCfg = Release_CUDA|Win32
		{9D041710-2119-4230-BCF2-5FBE753FDE49}.Release_CUDA|Win32.Build.0 = Release_CUDA|Win32
		{9D041710-2119-4230-BCF2-5FBE753FDE49}.Release_CUDA|x64.ActiveCfg = Release_CUDA|x64
		{9D041710-2119-4230-BCF2-5FBE753FDE49}.Release_CUDA|x64.Build.0 = Release_CUDA|x64
		{9D041710-2119-4230-BCF2-5FBE753FDE49}.Release|Win32.ActiveCfg = Release|Win32
		{9D041710-2119-4230-BCF2-5FBE753FDE49}.Release|Win32.Build.0 = Release|Win32
		{9D041710-2119-4230-BCF2-5FBE753FDE49}.Release|x64.ActiveCfg = Release|x64
		{9D041710-2119-4230-BCF2-5FBE753FDE49}.Release|x64.Build.0 = Release|x64
		{4DD6056F-8EEE-4C9A-B2A9-923F01A32E97}.Debug_CUDA|Win32.ActiveCfg = Debug_CUDA|Win32
		{4DD6056F-8EEE-4C9A-B2A9-923F01A32E97}.Debug_CUDA|Win32.Build.0 = Debug_CUDA|Win32
		{4DD6056F-8EEE-4C9A-B2A9-923F01A32E97}.Debug_CUDA|x64.ActiveCfg = Debug_CUDA|x64
		{4DD6056F-8EEE-4C9A-B2A9-923F01A32E97}.Debug_CUDA|x64.Build.0 = Debug_CUDA|x64
		{4DD6056F-8EEE-4C9A-B2A9-923F01A32E97}.Debug|Win32.ActiveCfg = Debug|Win32
		{4DD6056F-8EEE-4C9A-B2A9-923F01A32E97}.Debug|Win32.Build.0 = Debug|Win32
		{4DD6056F-8EEE-4C9A-B2A9-923F01A32E97}.Debug|x64.ActiveCfg = Debug|x64
		{4DD6056F-8EEE-4C9A-B2A9-923F01A32E97}.Debug|x64.Build.0 = Debug|x64
		{4DD6056F-8EEE-4C9A-B2A9-923F01A32E97}.Release_CUDA|Win32.ActiveCfg = Release_CUDA|Win32
		{4DD6056F-8EEE-4C9A-B2A9-923F01A32E97}.Release_CUDA|Win32.Build.0 = Release_CUDA|Win32
		{4DD6056F-8EEE-4C9A-B2A9-923F01A32E97}.Release_CUDA|x64.ActiveCfg = Release_CUDA|x64
		{4DD6056F-8EEE-4C9A-B2A9-923F01A32E97}.Release_CUDA|x64.Build.0 = Release_CUDA|x64
		{4DD6056F-8EEE-4C9A-B2A9-923F01A32E97}.Release|Win32.ActiveCfg = Release|Win32
		{4DD6056F-8EEE-4C9A-B2A9-923F01A32E97}.Release|Win32.Build.0 = Release|Win32
		{4DD6056F-8EEE-4C9A-B2A9-923F01A32E97}.Release|x64.ActiveCfg = Release|x64
		{4DD6056F-8EEE-4C9A-B2A9-923F01A32E97}.Release|x64.Build.0 = Release|x64
		{F94CCD79-AA11-42DF-AC8A-6C9D2238A883}.Debug_CUDA|Win32.ActiveCfg = Debug_CUDA|Win32
		{F94CCD79-AA11-42DF-AC8A-6C9D2238A883}.Debug_CUDA|Win32.Build.0 = Debug_CUDA|Win32
		{F94CCD79-AA11-42DF-AC8A-6C9D2238A883}.Debug_CUDA|x64.ActiveCfg = Debug_CUDA|x64
		{F94CCD79-AA11-42DF-AC8A-6C9D2238A883}.Debug_CUDA|x64.Build.0 = Debug_CUDA|x64
		{F94CCD79-AA11-42DF-AC8A-6C9D2238A883}.Debug|Win32.ActiveCfg = Debug|Win32
		{F94CCD79-AA11-42DF-AC8A-6C9D2238A883}.Debug|Win32.Build.0 = Debug|Win32
		{F94CCD79-AA11-42DF-AC8A-6C9D2238A883}.Debug|x64.ActiveCfg = Debug|x64
		{F94CCD79-AA11-42DF-AC8A-6C9D2238A883}.Debug|x64.Build.0 = Debug|x64
		{F94CCD79-AA11-42DF-AC8A-6C9D2238A883}.Release_CUDA|Win32.ActiveCfg = Release_CUDA|Win32
		{F94CCD79-AA11-42DF-AC8A-6C9D2238A883}.Release_CUDA|Win32.Build.0 = Release_CUDA|Win32
		{F94CCD79-AA11-42DF-AC8A-6C9D2238A883}.Release_CUDA|x64.ActiveCfg = Release_CUDA|x64
		{F94CCD79-AA11-42DF-AC8A-6C9D2238A883}.Release_CUDA|x64.Build.0 = Release_CUDA|x64
		{F94CCD79-AA11-42DF-AC8A-6C9D2238A883}.Release|Win32.ActiveCfg = Release|Win32
		{F94CCD79-AA11-42DF-AC8A-6C9D2238A883}.Release|Win32.Build.0 = Release|Win32
		{F94CCD79-AA11-42DF-AC8A-6C9D2238A883}.Release|x64.ActiveCfg = Release|x64
		{F94CCD79-AA11-42DF-AC8A-6C9D2238A883}.Release|x64.Build.0 = Release|x64
		{03B833F5-4FD6-4FBE-AAF4-E3305CD56D2E}.Debug_CUDA|Win32.ActiveCfg = Debug_CUDA|Win32
		{03B833F5-4FD6-4FBE-AAF4-E3305CD56D2E}.Debug_CUDA|Win32.Build.0 = Debug_CUDA|Win32
		{03B833F5-4FD6-4FBE-AAF4-E3305CD56D2E}.Debug_CUDA|x64.ActiveCfg = Debug_CUDA|x64
		{03B833F5-4FD6-4FBE-AAF4-E3305CD56D2E}.Debug_CUDA|x64.Build.0 = Debug_CUDA|x64
		{03B833F5-4FD6-4FBE-AAF4-E3305CD56D2E}.Debug|Win32.ActiveCfg = Debug|Win32
		{03B833F5-4FD6-4FBE-AAF4-E3305CD56D2E}.Debug|Win32.Build.0 = Debug|Win32
		{03B833F5-4FD6-4FBE-AAF4-E3305CD56D2E}.Debug|x64.ActiveCfg = Debug|x64
		{03B833F5-4FD6-4FBE-AAF4-E3305CD56D2E}.Debug|x64.Build.0 = Debug|x64
		{03B833F5-4FD6-4FBE-AAF4-E3305CD56D2E}.Release_CUDA|Win32.ActiveCfg = Release_CUDA|Win32
		{03B833F5-4FD6-4FBE-AAF4-E3305CD56D2E}.Release_CUDA|Win32.Build.0 = Release_CUDA|Win32
		{03B833F5-4FD6-4FBE-AAF4-E3305CD56D2E}.Release_CUDA|x64.ActiveCfg = Release_CUDA|x64
		{03B833F5-4FD6-4FBE-AAF4-E3305CD56D2E}.Release_CUDA|x64.Build.0 = Release_CUDA|x64
		{03B833F5-4FD6-4FBE-AAF4-E3305CD56D2E}.Release|Win32.ActiveCfg = Release|Win32
		{03B833F5-4FD6-4FBE-AAF4-E3305CD56D2E}.Release|Win32.Build.0 = Release|Win32
		{03B833F5-4FD6-4FBE-AAF4-E3305CD56D2E}.Release|x64.ActiveCfg = Release|x64
		{03B833F5-4FD6-4FBE-AAF4-E3305CD56D2E}.Release|x64.Build.0 = Release|x64
		{0F68F4E2-BE1B-4A9A-B101-AECF4C069CC7}.Debug_CUDA|Win32.ActiveCfg = Debug_CUDA|Win32
		{0F68F4E2-BE1B-4A9A-B101-AECF4C069CC7}.Debug_CUDA|Win32.Build.0 = Debug_CUDA|Win32
		{0F68F4E2-BE1B-4A9A-B101-AECF4C069CC7}.Debug_CUDA|x64.ActiveCfg = Debug_CUDA|x64
		{0F68F4E2-BE1B-4A9A-B101-AECF4C069CC7}.Debug_CUDA|x64.Build.0 = Debug_CUDA|x64
		{0F68F4E2-BE1B-4A9A-B101-AECF4C069CC7}.Debug|Win32.ActiveCfg = Debug|Win32
		{0F68F4E2-BE1B-4A9A-B101-AECF4C069CC7}.Debug|Win32.Build.0 = Debug|Win32
		{0F68F4E2-BE1B-4A9A-B101-AECF4C069CC7}.Debug|x64.ActiveCfg = Debug|x64
		{0F68F4E2-BE1B-4A9A-B101-AECF4C069CC7}.Debug|x64.Build.0 = Debug|x64
		{0F68F4E2-BE1B-4A9A-B101-AECF4C069CC7}.Release_CUDA|Win32.ActiveCfg = Release_CUDA|Win32
		{0F68F4E2-BE1B-4A9A-B101-AECF4C069CC7}.Release_CUDA|Win32.Build.0 = Release_CUDA|Win32
		{0F68F4E2-BE1B-4A9A-B101-AECF4C069CC7}.Release_CUDA|x64.ActiveCfg = Release_CUDA|x64
		{0F68F4E2-BE1B-4A9A-B101-AECF4C069CC7}.Release_CUDA|x64.Build.0 = Release_CUDA|x64
		{0F68F4E2-BE1B-4A9A-B101-AECF4C069CC7}.Release|Win32.ActiveCfg = Release|Win32
		{0F68F4E2-BE1B-4A9A-B101-AECF4C069CC7}.Release|Win32.Build.0 = Release|Win32
		{0F68F4E2-BE1B-4A9A-B101-AECF4C069CC7}.Release|x64.ActiveCfg = Release|x64
		{0F68F4E2-BE1B-4A9A-B101-AECF4C069CC7}.Release|x64.Build.0 = Release|x64
	EndGlobalSection
	GlobalSection(SolutionProperties) = preSolution
		HideSolutionNode = FALSE
	EndGlobalSection
	GlobalSection(NestedProjects) = preSolution
		{3FDA35E0-0D54-4663-A3E6-5ABA96F32221} = {5E99A109-374E-4102-BE9B-99BA1FA8AA30}
		{056BF7A9-294D-487C-8CC3-BE629077CA94} = {5E99A109-374E-4102-BE9B-99BA1FA8AA30}
		{E4092269-B19C-46F7-A84E-4F146CC70E44} = {5E99A109-374E-4102-BE9B-99BA1FA8AA30}
		{0BEC029B-0929-4BF9-BD8B-9C9806A52065} = {5E99A109-374E-4102-BE9B-99BA1FA8AA30}
		{9D041710-2119-4230-BCF2-5FBE753FDE49} = {5E99A109-374E-4102-BE9B-99BA1FA8AA30}
		{4DD6056F-8EEE-4C9A-B2A9-923F01A32E97} = {5E99A109-374E-4102-BE9B-99BA1FA8AA30}
		{F94CCD79-AA11-42DF-AC8A-6C9D2238A883} = {5E99A109-374E-4102-BE9B-99BA1FA8AA30}
		{03B833F5-4FD6-4FBE-AAF4-E3305CD56D2E} = {5E99A109-374E-4102-BE9B-99BA1FA8AA30}
		{0F68F4E2-BE1B-4A9A-B101-AECF4C069CC7} = {5E99A109-374E-4102-BE9B-99BA1FA8AA30}
	EndGlobalSection
EndGlobal
